
Microsoft Visual Studio Solution File, Format Version 12.00
# Visual Studio 15
VisualStudioVersion = 15.0.27428.2037
MinimumVisualStudioVersion = 10.0.40219.1
Project("{888888A0-9F3D-457C-B088-3A5042F75D52}") = "secretcode", "secretcode\secretcode.pyproj", "{CB8FE364-25E2-4CFB-B128-BBB37DA550F6}"
EndProject
Global
	GlobalSection(SolutionConfigurationPlatforms) = preSolution
		Debug|Any CPU = Debug|Any CPU
		Release|Any CPU = Release|Any CPU
	EndGlobalSection
	GlobalSection(ProjectConfigurationPlatforms) = postSolution
		{CB8FE364-25E2-4CFB-B128-BBB37DA550F6}.Debug|Any CPU.ActiveCfg = Debug|Any CPU
		{CB8FE364-25E2-4CFB-B128-BBB37DA550F6}.Release|Any CPU.ActiveCfg = Release|Any CPU
	EndGlobalSection
	GlobalSection(SolutionProperties) = preSolution
		HideSolutionNode = FALSE
	EndGlobalSection
	GlobalSection(ExtensibilityGlobals) = postSolution
		SolutionGuid = {E74590A0-0681-470A-B69D-B6CD4225A4F9}
	EndGlobalSection
EndGlobal
